// !$*UTF8*$!
{
	archiveVersion = 1;
	classes = {
	};
	objectVersion = 77;
	objects = {

/* Begin PBXBuildFile section */
		54F2E13DCDBFD3D2B60DF16E /* Pods_BlindHelp.framework in Frameworks */ = {isa = PBXBuildFile; fileRef = 8C9FCE7CCFCB1529E287AF70 /* Pods_BlindHelp.framework */; };
		71044DAD2FB424D60059CBF6 /* Assets.xcassets in Resources */ = {isa = PBXBuildFile; fileRef = 71044DA42FB424D60059CBF6 /* Assets.xcassets */; };
		71044DAF2FB424D60059CBF6 /* LaunchScreen.storyboard in Resources */ = {isa = PBXBuildFile; fileRef = 71044DA72FB424D60059CBF6 /* LaunchScreen.storyboard */; };
		71044DB12FB424D60059CBF6 /* AppDelegate.swift in Sources */ = {isa = PBXBuildFile; fileRef = 71044DA32FB424D60059CBF6 /* AppDelegate.swift */; };
		71044DB62FB4273E0059CBF6 /* BHBaseViewController.swift in Sources */ = {isa = PBXBuildFile; fileRef = 71044DB52FB4273E0059CBF6 /* BHBaseViewController.swift */; };
		71044DB92FB42A140059CBF6 /* MDefinition+Json.swift in Sources */ = {isa = PBXBuildFile; fileRef = 71044DB82FB42A030059CBF6 /* MDefinition+Json.swift */; };
		71044DBB2FB42A690059CBF6 /* MDefinition+Config.swift in Sources */ = {isa = PBXBuildFile; fileRef = 71044DBA2FB42A660059CBF6 /* MDefinition+Config.swift */; };
		71044DBD2FB42B1B0059CBF6 /* MDefinition+Import.swift in Sources */ = {isa = PBXBuildFile; fileRef = 71044DBC2FB42B100059CBF6 /* MDefinition+Import.swift */; };
		71044DBF2FB42EFA0059CBF6 /* MDefinition+System.swift in Sources */ = {isa = PBXBuildFile; fileRef = 71044DBE2FB42EFA0059CBF6 /* MDefinition+System.swift */; };
		71044DC12FB42F170059CBF6 /* MDefinition+App.swift in Sources */ = {isa = PBXBuildFile; fileRef = 71044DC02FB42F140059CBF6 /* MDefinition+App.swift */; };
		71044DC52FB42F560059CBF6 /* MDefinition+Color.swift in Sources */ = {isa = PBXBuildFile; fileRef = 71044DC42FB42F4E0059CBF6 /* MDefinition+Color.swift */; };
		71044DC72FB42F9E0059CBF6 /* MDefinition+Frame.swift in Sources */ = {isa = PBXBuildFile; fileRef = 71044DC62FB42F990059CBF6 /* MDefinition+Frame.swift */; };
		71044DC92FB42FC10059CBF6 /* MDefinition+Toast.swift in Sources */ = {isa = PBXBuildFile; fileRef = 71044DC82FB42FBD0059CBF6 /* MDefinition+Toast.swift */; };
		71044DCB2FB430DE0059CBF6 /* BHBaseNavigationBar.swift in Sources */ = {isa = PBXBuildFile; fileRef = 71044DCA2FB430DE0059CBF6 /* BHBaseNavigationBar.swift */; };
		71044DCD2FB4312B0059CBF6 /* BHWindowsManager.swift in Sources */ = {isa = PBXBuildFile; fileRef = 71044DCC2FB4312B0059CBF6 /* BHWindowsManager.swift */; };
		71044DCF2FB44D7C0059CBF6 /* BHBaseTabBarController.swift in Sources */ = {isa = PBXBuildFile; fileRef = 71044DCE2FB44D7C0059CBF6 /* BHBaseTabBarController.swift */; };
		71044DD42FB44E400059CBF6 /* BHHomePageViewController.swift in Sources */ = {isa = PBXBuildFile; fileRef = 71044DD32FB44E400059CBF6 /* BHHomePageViewController.swift */; };
		71044DDB2FB4513B0059CBF6 /* BHDiscoverViewController.swift in Sources */ = {isa = PBXBuildFile; fileRef = 71044DDA2FB4513B0059CBF6 /* BHDiscoverViewController.swift */; };
		71044DDD2FB451510059CBF6 /* BHPhotoViewController.swift in Sources */ = {isa = PBXBuildFile; fileRef = 71044DDC2FB451460059CBF6 /* BHPhotoViewController.swift */; };
		71044DDF2FB4515F0059CBF6 /* BHMessageViewController.swift in Sources */ = {isa = PBXBuildFile; fileRef = 71044DDE2FB451570059CBF6 /* BHMessageViewController.swift */; };
		71C44ABD2FB913020059CBF6 /* BHFigureChatHistoryStore.swift in Sources */ = {isa = PBXBuildFile; fileRef = 71C44ABC2FB913010059CBF6 /* BHFigureChatHistoryStore.swift */; };
		71D44EE02FB920010059CBF6 /* BHZhipuChatClient.swift in Sources */ = {isa = PBXBuildFile; fileRef = 71D44EDF2FB920000059CBF6 /* BHZhipuChatClient.swift */; };
		71044DE12FB4516A0059CBF6 /* BHMineViewController.swift in Sources */ = {isa = PBXBuildFile; fileRef = 71044DE02FB451620059CBF6 /* BHMineViewController.swift */; };
		71044DE52FB453000059CBF6 /* BHBaseNavigationController.swift in Sources */ = {isa = PBXBuildFile; fileRef = 71044DE42FB452F30059CBF6 /* BHBaseNavigationController.swift */; };
		71044DE92FB480C60059CBF6 /* MDefinition+Font.swift in Sources */ = {isa = PBXBuildFile; fileRef = 71044DE82FB480BE0059CBF6 /* MDefinition+Font.swift */; };
		71044DEB2FB55F090059CBF6 /* BHMineEditorInfoViewController.swift in Sources */ = {isa = PBXBuildFile; fileRef = 71044DEA2FB55F090059CBF6 /* BHMineEditorInfoViewController.swift */; };
		71044DEC2FB4716E0059CBF6 /* UIButton+ActionBlock.swift in Sources */ = {isa = PBXBuildFile; fileRef = 71044DEA2FB4716E0059CBF6 /* UIButton+ActionBlock.swift */; };
		71044DEE2FB5AA3F0059CBF6 /* BHUserProfileManager.swift in Sources */ = {isa = PBXBuildFile; fileRef = 71044DED2FB5AA3F0059CBF6 /* BHUserProfileManager.swift */; };
		71044DF12FB480010059CBF6 /* BHCustomBottomTabBarView.swift in Sources */ = {isa = PBXBuildFile; fileRef = 71044DF02FB480010059CBF6 /* BHCustomBottomTabBarView.swift */; };
		71044DF12FB5ABE20059CBF6 /* BHMineUserTermsViewController.swift in Sources */ = {isa = PBXBuildFile; fileRef = 71044DF02FB5ABE20059CBF6 /* BHMineUserTermsViewController.swift */; };
		71044DF32FB5AC050059CBF6 /* BHMinePrivateViewController.swift in Sources */ = {isa = PBXBuildFile; fileRef = 71044DF22FB5AC050059CBF6 /* BHMinePrivateViewController.swift */; };
		71044DF52FB5AE2A0059CBF6 /* BHContactCustomerViewController.swift in Sources */ = {isa = PBXBuildFile; fileRef = 71044DF42FB5AE2A0059CBF6 /* BHContactCustomerViewController.swift */; };
		71044DF72FB56A060059CBF6 /* BHChinaRegionModels.swift in Sources */ = {isa = PBXBuildFile; fileRef = 71044DF22FB56A010059CBF6 /* BHChinaRegionModels.swift */; };
		71044DF72FB5B00A0059CBF6 /* BHMinePhotoViewController.swift in Sources */ = {isa = PBXBuildFile; fileRef = 71044DF62FB5B00A0059CBF6 /* BHMinePhotoViewController.swift */; };
		71044DF82FB56A070059CBF6 /* BHChinaRegionProvinceViewController.swift in Sources */ = {isa = PBXBuildFile; fileRef = 71044DF32FB56A020059CBF6 /* BHChinaRegionProvinceViewController.swift */; };
		71044DF92FB56A080059CBF6 /* BHChinaRegionCityViewController.swift in Sources */ = {isa = PBXBuildFile; fileRef = 71044DF42FB56A030059CBF6 /* BHChinaRegionCityViewController.swift */; };
		71044DF92FB5B2B90059CBF6 /* BHMineWorldViewController.swift in Sources */ = {isa = PBXBuildFile; fileRef = 71044DF82FB5B2B90059CBF6 /* BHMineWorldViewController.swift */; };
		71044DFA2FB56A090059CBF6 /* pc-code.json in Resources */ = {isa = PBXBuildFile; fileRef = 71044DF52FB56A040059CBF6 /* pc-code.json */; };
		71044DFB2FB56A0A0059CBF6 /* pc-supplement.json in Resources */ = {isa = PBXBuildFile; fileRef = 71044DF62FB56A050059CBF6 /* pc-supplement.json */; };
		71044DFC2FB5B47F0059CBF6 /* BHDiscoverPostPhotoViewController.swift in Sources */ = {isa = PBXBuildFile; fileRef = 71044DFB2FB5B47F0059CBF6 /* BHDiscoverPostPhotoViewController.swift */; };
		71044DFE2FB5CC5A0059CBF6 /* BHHomeTravelFeedUI.swift in Sources */ = {isa = PBXBuildFile; fileRef = 71044DFD2FB5CC5A0059CBF6 /* BHHomeTravelFeedUI.swift */; };
		71044E472FB5CD090059CBF6 /* man_7_5.png in Resources */ = {isa = PBXBuildFile; fileRef = 71044E442FB5CD090059CBF6 /* man_7_5.png */; };
		71044E482FB5CD090059CBF6 /* man_6_2.png in Resources */ = {isa = PBXBuildFile; fileRef = 71044E362FB5CD090059CBF6 /* man_6_2.png */; };
		71044E492FB5CD090059CBF6 /* man_3_2.png in Resources */ = {isa = PBXBuildFile; fileRef = 71044E172FB5CD090059CBF6 /* man_3_2.png */; };
		71044E4C2FB5CD090059CBF6 /* man_6_5.png in Resources */ = {isa = PBXBuildFile; fileRef = 71044E392FB5CD090059CBF6 /* man_6_5.png */; };
		71044E4F2FB5CD090059CBF6 /* man_1_3.png in Resources */ = {isa = PBXBuildFile; fileRef = 71044E052FB5CD090059CBF6 /* man_1_3.png */; };
		71044E512FB5CD090059CBF6 /* man_6_4.png in Resources */ = {isa = PBXBuildFile; fileRef = 71044E382FB5CD090059CBF6 /* man_6_4.png */; };
		71044E562FB5CD090059CBF6 /* man_1_4.png in Resources */ = {isa = PBXBuildFile; fileRef = 71044E062FB5CD090059CBF6 /* man_1_4.png */; };
		71044E5B2FB5CD090059CBF6 /* man_4_3.png in Resources */ = {isa = PBXBuildFile; fileRef = 71044E232FB5CD090059CBF6 /* man_4_3.png */; };
		71044E5E2FB5CD090059CBF6 /* man_4_2.png in Resources */ = {isa = PBXBuildFile; fileRef = 71044E222FB5CD090059CBF6 /* man_4_2.png */; };
		71044E612FB5CD090059CBF6 /* man_7_4.png in Resources */ = {isa = PBXBuildFile; fileRef = 71044E432FB5CD090059CBF6 /* man_7_4.png */; };
		71044E622FB5CD090059CBF6 /* man_1_2.png in Resources */ = {isa = PBXBuildFile; fileRef = 71044E042FB5CD090059CBF6 /* man_1_2.png */; };
		71044E632FB5CD090059CBF6 /* man_3_5.png in Resources */ = {isa = PBXBuildFile; fileRef = 71044E1A2FB5CD090059CBF6 /* man_3_5.png */; };
		71044E652FB5CD090059CBF6 /* man_5_3.png in Resources */ = {isa = PBXBuildFile; fileRef = 71044E2D2FB5CD090059CBF6 /* man_5_3.png */; };
		71044E672FB5CD090059CBF6 /* man_2_4.png in Resources */ = {isa = PBXBuildFile; fileRef = 71044E0F2FB5CD090059CBF6 /* man_2_4.png */; };
		71044E682FB5CD090059CBF6 /* man_7_2.png in Resources */ = {isa = PBXBuildFile; fileRef = 71044E412FB5CD090059CBF6 /* man_7_2.png */; };
		71044E6A2FB5CD090059CBF6 /* man_5_1.png in Resources */ = {isa = PBXBuildFile; fileRef = 71044E2B2FB5CD090059CBF6 /* man_5_1.png */; };
		71044E6C2FB5CD090059CBF6 /* man_7_3.png in Resources */ = {isa = PBXBuildFile; fileRef = 71044E422FB5CD090059CBF6 /* man_7_3.png */; };
		71044E6E2FB5CD090059CBF6 /* man_3_3.png in Resources */ = {isa = PBXBuildFile; fileRef = 71044E182FB5CD090059CBF6 /* man_3_3.png */; };
		71044E712FB5CD090059CBF6 /* man_7_1.png in Resources */ = {isa = PBXBuildFile; fileRef = 71044E402FB5CD090059CBF6 /* man_7_1.png */; };
		71044E722FB5CD090059CBF6 /* man_6_1.png in Resources */ = {isa = PBXBuildFile; fileRef = 71044E352FB5CD090059CBF6 /* man_6_1.png */; };
		71044E732FB5CD090059CBF6 /* man_5_4.png in Resources */ = {isa = PBXBuildFile; fileRef = 71044E2E2FB5CD090059CBF6 /* man_5_4.png */; };
		71044E762FB5CD090059CBF6 /* man_5_2.png in Resources */ = {isa = PBXBuildFile; fileRef = 71044E2C2FB5CD090059CBF6 /* man_5_2.png */; };
		71044E772FB5CD090059CBF6 /* man_2_2.png in Resources */ = {isa = PBXBuildFile; fileRef = 71044E0D2FB5CD090059CBF6 /* man_2_2.png */; };
		71044E782FB5CD090059CBF6 /* man_3_1.png in Resources */ = {isa = PBXBuildFile; fileRef = 71044E162FB5CD090059CBF6 /* man_3_1.png */; };
		71044E792FB5CD090059CBF6 /* man_4_1.png in Resources */ = {isa = PBXBuildFile; fileRef = 71044E212FB5CD090059CBF6 /* man_4_1.png */; };
		71044E7A2FB5CD090059CBF6 /* man_3_4.png in Resources */ = {isa = PBXBuildFile; fileRef = 71044E192FB5CD090059CBF6 /* man_3_4.png */; };
		71044E7B2FB5CD090059CBF6 /* man_1_1.png in Resources */ = {isa = PBXBuildFile; fileRef = 71044E032FB5CD090059CBF6 /* man_1_1.png */; };
		71044E7D2FB5CD090059CBF6 /* man_4_4.png in Resources */ = {isa = PBXBuildFile; fileRef = 71044E242FB5CD090059CBF6 /* man_4_4.png */; };
		71044E812FB5CD090059CBF6 /* man_6_3.png in Resources */ = {isa = PBXBuildFile; fileRef = 71044E372FB5CD090059CBF6 /* man_6_3.png */; };
		71044E832FB5CD090059CBF6 /* man_2_3.png in Resources */ = {isa = PBXBuildFile; fileRef = 71044E0E2FB5CD090059CBF6 /* man_2_3.png */; };
		71044E852FB5CD090059CBF6 /* man_4_5.png in Resources */ = {isa = PBXBuildFile; fileRef = 71044E252FB5CD090059CBF6 /* man_4_5.png */; };
		71044E862FB5CD090059CBF6 /* man_2_1.png in Resources */ = {isa = PBXBuildFile; fileRef = 71044E0C2FB5CD090059CBF6 /* man_2_1.png */; };
		71044E8E2FB5D6AB0059CBF6 /* man_video_5_1.mp4 in Resources */ = {isa = PBXBuildFile; fileRef = 71044E8B2FB5D6AA0059CBF6 /* man_video_5_1.mp4 */; };
		71044E8F2FB5D6AB0059CBF6 /* man_video_1_1.mp4 in Resources */ = {isa = PBXBuildFile; fileRef = 71044E872FB5D6AA0059CBF6 /* man_video_1_1.mp4 */; };
		71044E902FB5D6AB0059CBF6 /* man_video_6_1.mp4 in Resources */ = {isa = PBXBuildFile; fileRef = 71044E8C2FB5D6AA0059CBF6 /* man_video_6_1.mp4 */; };
		71044E912FB5D6AB0059CBF6 /* man_video_2_1.mp4 in Resources */ = {isa = PBXBuildFile; fileRef = 71044E882FB5D6AA0059CBF6 /* man_video_2_1.mp4 */; };
		71044E922FB5D6AB0059CBF6 /* man_video_4_1.mp4 in Resources */ = {isa = PBXBuildFile; fileRef = 71044E8A2FB5D6AA0059CBF6 /* man_video_4_1.mp4 */; };
		71044E932FB5D6AB0059CBF6 /* man_video_3_1.mp4 in Resources */ = {isa = PBXBuildFile; fileRef = 71044E892FB5D6AA0059CBF6 /* man_video_3_1.mp4 */; };
		71044E952FB5DB4C0059CBF6 /* BHHomeVideoShowViewController.swift in Sources */ = {isa = PBXBuildFile; fileRef = 71044E942FB5DB4C0059CBF6 /* BHHomeVideoShowViewController.swift */; };
		71044E972FB5E0310059CBF6 /* BHDetailFigureViewController.swift in Sources */ = {isa = PBXBuildFile; fileRef = 71044E962FB5E0310059CBF6 /* BHDetailFigureViewController.swift */; };
		71044E992FB5F6410059CBF6 /* BHRecommendationLocationViewController.swift in Sources */ = {isa = PBXBuildFile; fileRef = 71044E982FB5F6410059CBF6 /* BHRecommendationLocationViewController.swift */; };
		71044E9B2FB6CA8C0059CBF6 /* BHHuatiViewController.swift in Sources */ = {isa = PBXBuildFile; fileRef = 71044E9A2FB6CA8C0059CBF6 /* BHHuatiViewController.swift */; };
		71044E9D2FB6CEBF0059CBF6 /* BHFigureMessageViewController.swift in Sources */ = {isa = PBXBuildFile; fileRef = 71044E9C2FB6CEBF0059CBF6 /* BHFigureMessageViewController.swift */; };
		71144ABA2FB813000059CBF6 /* BHFigureBlockShieldStore.swift in Sources */ = {isa = PBXBuildFile; fileRef = 71144AB92FB813000059CBF6 /* BHFigureBlockShieldStore.swift */; };
		71144ABC2FB813010059CBF6 /* BHFigureReportViewController.swift in Sources */ = {isa = PBXBuildFile; fileRef = 71144ABB2FB813010059CBF6 /* BHFigureReportViewController.swift */; };
		71244FFA2FB814030059CBF6 /* BHMomentFeedCard.swift in Sources */ = {isa = PBXBuildFile; fileRef = 71244FF92FB814020059CBF6 /* BHMomentFeedCard.swift */; };
		72644AAC2FB5E0010059CBF6 /* BHLocalMineAlbumStore.swift in Sources */ = {isa = PBXBuildFile; fileRef = 72644AAB2FB5E0010059CBF6 /* BHLocalMineAlbumStore.swift */; };
		72644AB02FB60100059CBF6 /* BHMineWorldDynamicStore.swift in Sources */ = {isa = PBXBuildFile; fileRef = 72644AB12FB60100059CBF6 /* BHMineWorldDynamicStore.swift */; };
		73044AB42FB603100059CBF6 /* home_travel_feed.json in Resources */ = {isa = PBXBuildFile; fileRef = 73044AB52FB603100059CBF6 /* home_travel_feed.json */; };
		73144AA12FB604000059CBF6 /* BHFigureResourceProfiles.swift in Sources */ = {isa = PBXBuildFile; fileRef = 73144AA02FB604000059CBF6 /* BHFigureResourceProfiles.swift */; };
		73244BB12FB610000059CBF6 /* BHMovieResourceCatalog.swift in Sources */ = {isa = PBXBuildFile; fileRef = 73244BB02FB610000059CBF6 /* BHMovieResourceCatalog.swift */; };
		73344EB22FB706000059CBF6 /* BHVideoFigureFollowStore.swift in Sources */ = {isa = PBXBuildFile; fileRef = 73344EB12FB706000059CBF6 /* BHVideoFigureFollowStore.swift */; };
/* End PBXBuildFile section */

/* Begin PBXFileReference section */
		71044DA32FB424D60059CBF6 /* AppDelegate.swift */ = {isa = PBXFileReference; lastKnownFileType = sourcecode.swift; path = AppDelegate.swift; sourceTree = "<group>"; };
		71044DA42FB424D60059CBF6 /* Assets.xcassets */ = {isa = PBXFileReference; lastKnownFileType = folder.assetcatalog; path = Assets.xcassets; sourceTree = "<group>"; };
		71044DA52FB424D60059CBF6 /* Info.plist */ = {isa = PBXFileReference; lastKnownFileType = text.plist.xml; path = Info.plist; sourceTree = "<group>"; };
		71044DA62FB424D60059CBF6 /* Base */ = {isa = PBXFileReference; lastKnownFileType = file.storyboard; name = Base; path = Base.lproj/LaunchScreen.storyboard; sourceTree = "<group>"; };
		71044DB52FB4273E0059CBF6 /* BHBaseViewController.swift */ = {isa = PBXFileReference; lastKnownFileType = sourcecode.swift; path = BHBaseViewController.swift; sourceTree = "<group>"; };
		71044DB82FB42A030059CBF6 /* MDefinition+Json.swift */ = {isa = PBXFileReference; lastKnownFileType = sourcecode.swift; path = "MDefinition+Json.swift"; sourceTree = "<group>"; };
		71044DBA2FB42A660059CBF6 /* MDefinition+Config.swift */ = {isa = PBXFileReference; lastKnownFileType = sourcecode.swift; path = "MDefinition+Config.swift"; sourceTree = "<group>"; };
		71044DBC2FB42B100059CBF6 /* MDefinition+Import.swift */ = {isa = PBXFileReference; lastKnownFileType = sourcecode.swift; path = "MDefinition+Import.swift"; sourceTree = "<group>"; };
		71044DBE2FB42EFA0059CBF6 /* MDefinition+System.swift */ = {isa = PBXFileReference; lastKnownFileType = sourcecode.swift; path = "MDefinition+System.swift"; sourceTree = "<group>"; };
		71044DC02FB42F140059CBF6 /* MDefinition+App.swift */ = {isa = PBXFileReference; lastKnownFileType = sourcecode.swift; path = "MDefinition+App.swift"; sourceTree = "<group>"; };
		71044DC42FB42F4E0059CBF6 /* MDefinition+Color.swift */ = {isa = PBXFileReference; lastKnownFileType = sourcecode.swift; path = "MDefinition+Color.swift"; sourceTree = "<group>"; };
		71044DC62FB42F990059CBF6 /* MDefinition+Frame.swift */ = {isa = PBXFileReference; lastKnownFileType = sourcecode.swift; path = "MDefinition+Frame.swift"; sourceTree = "<group>"; };
		71044DC82FB42FBD0059CBF6 /* MDefinition+Toast.swift */ = {isa = PBXFileReference; lastKnownFileType = sourcecode.swift; path = "MDefinition+Toast.swift"; sourceTree = "<group>"; };
		71044DCA2FB430DE0059CBF6 /* BHBaseNavigationBar.swift */ = {isa = PBXFileReference; lastKnownFileType = sourcecode.swift; path = BHBaseNavigationBar.swift; sourceTree = "<group>"; };
		71044DCC2FB4312B0059CBF6 /* BHWindowsManager.swift */ = {isa = PBXFileReference; lastKnownFileType = sourcecode.swift; path = BHWindowsManager.swift; sourceTree = "<group>"; };
		71044DCE2FB44D7C0059CBF6 /* BHBaseTabBarController.swift */ = {isa = PBXFileReference; lastKnownFileType = sourcecode.swift; path = BHBaseTabBarController.swift; sourceTree = "<group>"; };
		71044DD32FB44E400059CBF6 /* BHHomePageViewController.swift */ = {isa = PBXFileReference; lastKnownFileType = sourcecode.swift; path = BHHomePageViewController.swift; sourceTree = "<group>"; };
		71044DDA2FB4513B0059CBF6 /* BHDiscoverViewController.swift */ = {isa = PBXFileReference; lastKnownFileType = sourcecode.swift; path = BHDiscoverViewController.swift; sourceTree = "<group>"; };
		71044DDC2FB451460059CBF6 /* BHPhotoViewController.swift */ = {isa = PBXFileReference; lastKnownFileType = sourcecode.swift; path = BHPhotoViewController.swift; sourceTree = "<group>"; };
		71044DDE2FB451570059CBF6 /* BHMessageViewController.swift */ = {isa = PBXFileReference; lastKnownFileType = sourcecode.swift; path = BHMessageViewController.swift; sourceTree = "<group>"; };
		71C44ABC2FB913010059CBF6 /* BHFigureChatHistoryStore.swift */ = {isa = PBXFileReference; lastKnownFileType = sourcecode.swift; path = BHFigureChatHistoryStore.swift; sourceTree = "<group>"; };
		71D44EDF2FB920000059CBF6 /* BHZhipuChatClient.swift */ = {isa = PBXFileReference; lastKnownFileType = sourcecode.swift; path = BHZhipuChatClient.swift; sourceTree = "<group>"; };
		71044DE02FB451620059CBF6 /* BHMineViewController.swift */ = {isa = PBXFileReference; lastKnownFileType = sourcecode.swift; path = BHMineViewController.swift; sourceTree = "<group>"; };
		71044DE42FB452F30059CBF6 /* BHBaseNavigationController.swift */ = {isa = PBXFileReference; lastKnownFileType = sourcecode.swift; path = BHBaseNavigationController.swift; sourceTree = "<group>"; };
		71044DE82FB480BE0059CBF6 /* MDefinition+Font.swift */ = {isa = PBXFileReference; lastKnownFileType = sourcecode.swift; path = "MDefinition+Font.swift"; sourceTree = "<group>"; };
		71044DEA2FB4716E0059CBF6 /* UIButton+ActionBlock.swift */ = {isa = PBXFileReference; lastKnownFileType = sourcecode.swift; path = "UIButton+ActionBlock.swift"; sourceTree = "<group>"; };
		71044DEA2FB55F090059CBF6 /* BHMineEditorInfoViewController.swift */ = {isa = PBXFileReference; lastKnownFileType = sourcecode.swift; path = BHMineEditorInfoViewController.swift; sourceTree = "<group>"; };
		71044DED2FB5AA3F0059CBF6 /* BHUserProfileManager.swift */ = {isa = PBXFileReference; lastKnownFileType = sourcecode.swift; path = BHUserProfileManager.swift; sourceTree = "<group>"; };
		71044DF02FB480010059CBF6 /* BHCustomBottomTabBarView.swift */ = {isa = PBXFileReference; lastKnownFileType = sourcecode.swift; path = BHCustomBottomTabBarView.swift; sourceTree = "<group>"; };
		71044DF02FB5ABE20059CBF6 /* BHMineUserTermsViewController.swift */ = {isa = PBXFileReference; lastKnownFileType = sourcecode.swift; path = BHMineUserTermsViewController.swift; sourceTree = "<group>"; };
		71044DF22FB56A010059CBF6 /* BHChinaRegionModels.swift */ = {isa = PBXFileReference; lastKnownFileType = sourcecode.swift; path = BHChinaRegionModels.swift; sourceTree = "<group>"; };
		71044DF22FB5AC050059CBF6 /* BHMinePrivateViewController.swift */ = {isa = PBXFileReference; lastKnownFileType = sourcecode.swift; path = BHMinePrivateViewController.swift; sourceTree = "<group>"; };
		71044DF32FB56A020059CBF6 /* BHChinaRegionProvinceViewController.swift */ = {isa = PBXFileReference; lastKnownFileType = sourcecode.swift; path = BHChinaRegionProvinceViewController.swift; sourceTree = "<group>"; };
		71044DF42FB56A030059CBF6 /* BHChinaRegionCityViewController.swift */ = {isa = PBXFileReference; lastKnownFileType = sourcecode.swift; path = BHChinaRegionCityViewController.swift; sourceTree = "<group>"; };
		71044DF42FB5AE2A0059CBF6 /* BHContactCustomerViewController.swift */ = {isa = PBXFileReference; lastKnownFileType = sourcecode.swift; path = BHContactCustomerViewController.swift; sourceTree = "<group>"; };
		71044DF52FB56A040059CBF6 /* pc-code.json */ = {isa = PBXFileReference; lastKnownFileType = text.json; path = "pc-code.json"; sourceTree = "<group>"; };
		71044DF62FB56A050059CBF6 /* pc-supplement.json */ = {isa = PBXFileReference; lastKnownFileType = text.json; path = "pc-supplement.json"; sourceTree = "<group>"; };
		71044DF62FB5B00A0059CBF6 /* BHMinePhotoViewController.swift */ = {isa = PBXFileReference; lastKnownFileType = sourcecode.swift; path = BHMinePhotoViewController.swift; sourceTree = "<group>"; };
		71044DF82FB5B2B90059CBF6 /* BHMineWorldViewController.swift */ = {isa = PBXFileReference; lastKnownFileType = sourcecode.swift; path = BHMineWorldViewController.swift; sourceTree = "<group>"; };
		71044DFB2FB5B47F0059CBF6 /* BHDiscoverPostPhotoViewController.swift */ = {isa = PBXFileReference; lastKnownFileType = sourcecode.swift; path = BHDiscoverPostPhotoViewController.swift; sourceTree = "<group>"; };
		71044DFD2FB5CC5A0059CBF6 /* BHHomeTravelFeedUI.swift */ = {isa = PBXFileReference; lastKnownFileType = sourcecode.swift; path = BHHomeTravelFeedUI.swift; sourceTree = "<group>"; };
		71044E032FB5CD090059CBF6 /* man_1_1.png */ = {isa = PBXFileReference; lastKnownFileType = image.png; path = man_1_1.png; sourceTree = "<group>"; };
		71044E042FB5CD090059CBF6 /* man_1_2.png */ = {isa = PBXFileReference; lastKnownFileType = image.png; path = man_1_2.png; sourceTree = "<group>"; };
		71044E052FB5CD090059CBF6 /* man_1_3.png */ = {isa = PBXFileReference; lastKnownFileType = image.png; path = man_1_3.png; sourceTree = "<group>"; };
		71044E062FB5CD090059CBF6 /* man_1_4.png */ = {isa = PBXFileReference; lastKnownFileType = image.png; path = man_1_4.png; sourceTree = "<group>"; };
		71044E0C2FB5CD090059CBF6 /* man_2_1.png */ = {isa = PBXFileReference; lastKnownFileType = image.png; path = man_2_1.png; sourceTree = "<group>"; };
		71044E0D2FB5CD090059CBF6 /* man_2_2.png */ = {isa = PBXFileReference; lastKnownFileType = image.png; path = man_2_2.png; sourceTree = "<group>"; };
		71044E0E2FB5CD090059CBF6 /* man_2_3.png */ = {isa = PBXFileReference; lastKnownFileType = image.png; path = man_2_3.png; sourceTree = "<group>"; };
		71044E0F2FB5CD090059CBF6 /* man_2_4.png */ = {isa = PBXFileReference; lastKnownFileType = image.png; path = man_2_4.png; sourceTree = "<group>"; };
		71044E162FB5CD090059CBF6 /* man_3_1.png */ = {isa = PBXFileReference; lastKnownFileType = image.png; path = man_3_1.png; sourceTree = "<group>"; };
		71044E172FB5CD090059CBF6 /* man_3_2.png */ = {isa = PBXFileReference; lastKnownFileType = image.png; path = man_3_2.png; sourceTree = "<group>"; };
		71044E182FB5CD090059CBF6 /* man_3_3.png */ = {isa = PBXFileReference; lastKnownFileType = image.png; path = man_3_3.png; sourceTree = "<group>"; };
		71044E192FB5CD090059CBF6 /* man_3_4.png */ = {isa = PBXFileReference; lastKnownFileType = image.png; path = man_3_4.png; sourceTree = "<group>"; };
		71044E1A2FB5CD090059CBF6 /* man_3_5.png */ = {isa = PBXFileReference; lastKnownFileType = image.png; path = man_3_5.png; sourceTree = "<group>"; };
		71044E212FB5CD090059CBF6 /* man_4_1.png */ = {isa = PBXFileReference; lastKnownFileType = image.png; path = man_4_1.png; sourceTree = "<group>"; };
		71044E222FB5CD090059CBF6 /* man_4_2.png */ = {isa = PBXFileReference; lastKnownFileType = image.png; path = man_4_2.png; sourceTree = "<group>"; };
		71044E232FB5CD090059CBF6 /* man_4_3.png */ = {isa = PBXFileReference; lastKnownFileType = image.png; path = man_4_3.png; sourceTree = "<group>"; };
		71044E242FB5CD090059CBF6 /* man_4_4.png */ = {isa = PBXFileReference; lastKnownFileType = image.png; path = man_4_4.png; sourceTree = "<group>"; };
		71044E252FB5CD090059CBF6 /* man_4_5.png */ = {isa = PBXFileReference; lastKnownFileType = image.png; path = man_4_5.png; sourceTree = "<group>"; };
		71044E2B2FB5CD090059CBF6 /* man_5_1.png */ = {isa = PBXFileReference; lastKnownFileType = image.png; path = man_5_1.png; sourceTree = "<group>"; };
		71044E2C2FB5CD090059CBF6 /* man_5_2.png */ = {isa = PBXFileReference; lastKnownFileType = image.png; path = man_5_2.png; sourceTree = "<group>"; };
		71044E2D2FB5CD090059CBF6 /* man_5_3.png */ = {isa = PBXFileReference; lastKnownFileType = image.png; path = man_5_3.png; sourceTree = "<group>"; };
		71044E2E2FB5CD090059CBF6 /* man_5_4.png */ = {isa = PBXFileReference; lastKnownFileType = image.png; path = man_5_4.png; sourceTree = "<group>"; };
		71044E352FB5CD090059CBF6 /* man_6_1.png */ = {isa = PBXFileReference; lastKnownFileType = image.png; path = man_6_1.png; sourceTree = "<group>"; };
		71044E362FB5CD090059CBF6 /* man_6_2.png */ = {isa = PBXFileReference; lastKnownFileType = image.png; path = man_6_2.png; sourceTree = "<group>"; };
		71044E372FB5CD090059CBF6 /* man_6_3.png */ = {isa = PBXFileReference; lastKnownFileType = image.png; path = man_6_3.png; sourceTree = "<group>"; };
		71044E382FB5CD090059CBF6 /* man_6_4.png */ = {isa = PBXFileReference; lastKnownFileType = image.png; path = man_6_4.png; sourceTree = "<group>"; };
		71044E392FB5CD090059CBF6 /* man_6_5.png */ = {isa = PBXFileReference; lastKnownFileType = image.png; path = man_6_5.png; sourceTree = "<group>"; };
		71044E402FB5CD090059CBF6 /* man_7_1.png */ = {isa = PBXFileReference; lastKnownFileType = image.png; path = man_7_1.png; sourceTree = "<group>"; };
		71044E412FB5CD090059CBF6 /* man_7_2.png */ = {isa = PBXFileReference; lastKnownFileType = image.png; path = man_7_2.png; sourceTree = "<group>"; };
		71044E422FB5CD090059CBF6 /* man_7_3.png */ = {isa = PBXFileReference; lastKnownFileType = image.png; path = man_7_3.png; sourceTree = "<group>"; };
		71044E432FB5CD090059CBF6 /* man_7_4.png */ = {isa = PBXFileReference; lastKnownFileType = image.png; path = man_7_4.png; sourceTree = "<group>"; };
		71044E442FB5CD090059CBF6 /* man_7_5.png */ = {isa = PBXFileReference; lastKnownFileType = image.png; path = man_7_5.png; sourceTree = "<group>"; };
		71044E872FB5D6AA0059CBF6 /* man_video_1_1.mp4 */ = {isa = PBXFileReference; lastKnownFileType = file; path = man_video_1_1.mp4; sourceTree = "<group>"; };
		71044E882FB5D6AA0059CBF6 /* man_video_2_1.mp4 */ = {isa = PBXFileReference; lastKnownFileType = file; path = man_video_2_1.mp4; sourceTree = "<group>"; };
		71044E892FB5D6AA0059CBF6 /* man_video_3_1.mp4 */ = {isa = PBXFileReference; lastKnownFileType = file; path = man_video_3_1.mp4; sourceTree = "<group>"; };
		71044E8A2FB5D6AA0059CBF6 /* man_video_4_1.mp4 */ = {isa = PBXFileReference; lastKnownFileType = file; path = man_video_4_1.mp4; sourceTree = "<group>"; };
		71044E8B2FB5D6AA0059CBF6 /* man_video_5_1.mp4 */ = {isa = PBXFileReference; lastKnownFileType = file; path = man_video_5_1.mp4; sourceTree = "<group>"; };
		71044E8C2FB5D6AA0059CBF6 /* man_video_6_1.mp4 */ = {isa = PBXFileReference; lastKnownFileType = file; path = man_video_6_1.mp4; sourceTree = "<group>"; };
		71044E942FB5DB4C0059CBF6 /* BHHomeVideoShowViewController.swift */ = {isa = PBXFileReference; lastKnownFileType = sourcecode.swift; path = BHHomeVideoShowViewController.swift; sourceTree = "<group>"; };
		71044E962FB5E0310059CBF6 /* BHDetailFigureViewController.swift */ = {isa = PBXFileReference; lastKnownFileType = sourcecode.swift; path = BHDetailFigureViewController.swift; sourceTree = "<group>"; };
		71044E982FB5F6410059CBF6 /* BHRecommendationLocationViewController.swift */ = {isa = PBXFileReference; lastKnownFileType = sourcecode.swift; path = BHRecommendationLocationViewController.swift; sourceTree = "<group>"; };
		71044E9A2FB6CA8C0059CBF6 /* BHHuatiViewController.swift */ = {isa = PBXFileReference; lastKnownFileType = sourcecode.swift; path = BHHuatiViewController.swift; sourceTree = "<group>"; };
		71044E9C2FB6CEBF0059CBF6 /* BHFigureMessageViewController.swift */ = {isa = PBXFileReference; lastKnownFileType = sourcecode.swift; path = BHFigureMessageViewController.swift; sourceTree = "<group>"; };
		71144AB92FB813000059CBF6 /* BHFigureBlockShieldStore.swift */ = {isa = PBXFileReference; lastKnownFileType = sourcecode.swift; path = BHFigureBlockShieldStore.swift; sourceTree = "<group>"; };
		71144ABB2FB813010059CBF6 /* BHFigureReportViewController.swift */ = {isa = PBXFileReference; lastKnownFileType = sourcecode.swift; path = BHFigureReportViewController.swift; sourceTree = "<group>"; };
		71244FF92FB814020059CBF6 /* BHMomentFeedCard.swift */ = {isa = PBXFileReference; lastKnownFileType = sourcecode.swift; path = BHMomentFeedCard.swift; sourceTree = "<group>"; };
		714E884C2FB31B3300491544 /* BlindHelp.app */ = {isa = PBXFileReference; explicitFileType = wrapper.application; includeInIndex = 0; path = BlindHelp.app; sourceTree = BUILT_PRODUCTS_DIR; };
		72644AAB2FB5E0010059CBF6 /* BHLocalMineAlbumStore.swift */ = {isa = PBXFileReference; lastKnownFileType = sourcecode.swift; path = BHLocalMineAlbumStore.swift; sourceTree = "<group>"; };
		72644AB12FB60100059CBF6 /* BHMineWorldDynamicStore.swift */ = {isa = PBXFileReference; lastKnownFileType = sourcecode.swift; path = BHMineWorldDynamicStore.swift; sourceTree = "<group>"; };
		73044AB52FB603100059CBF6 /* home_travel_feed.json */ = {isa = PBXFileReference; lastKnownFileType = text.json; path = home_travel_feed.json; sourceTree = "<group>"; };
		73144AA02FB604000059CBF6 /* BHFigureResourceProfiles.swift */ = {isa = PBXFileReference; lastKnownFileType = sourcecode.swift; path = BHFigureResourceProfiles.swift; sourceTree = "<group>"; };
		73244BB02FB610000059CBF6 /* BHMovieResourceCatalog.swift */ = {isa = PBXFileReference; lastKnownFileType = sourcecode.swift; path = BHMovieResourceCatalog.swift; sourceTree = "<group>"; };
		73344EB12FB706000059CBF6 /* BHVideoFigureFollowStore.swift */ = {isa = PBXFileReference; lastKnownFileType = sourcecode.swift; path = BHVideoFigureFollowStore.swift; sourceTree = "<group>"; };
		8C9FCE7CCFCB1529E287AF70 /* Pods_BlindHelp.framework */ = {isa = PBXFileReference; explicitFileType = wrapper.framework; includeInIndex = 0; path = Pods_BlindHelp.framework; sourceTree = BUILT_PRODUCTS_DIR; };
		BC72C21E8E95B069278BC10B /* Pods-BlindHelp.debug.xcconfig */ = {isa = PBXFileReference; includeInIndex = 1; lastKnownFileType = text.xcconfig; name = "Pods-BlindHelp.debug.xcconfig"; path = "Target Support Files/Pods-BlindHelp/Pods-BlindHelp.debug.xcconfig"; sourceTree = "<group>"; };
		E207E1DFB4098D408E995806 /* Pods-BlindHelp.release.xcconfig */ = {isa = PBXFileReference; includeInIndex = 1; lastKnownFileType = text.xcconfig; name = "Pods-BlindHelp.release.xcconfig"; path = "Target Support Files/Pods-BlindHelp/Pods-BlindHelp.release.xcconfig"; sourceTree = "<group>"; };
/* End PBXFileReference section */

/* Begin PBXFrameworksBuildPhase section */
		714E88492FB31B3300491544 /* Frameworks */ = {
			isa = PBXFrameworksBuildPhase;
			buildActionMask = 2147483647;
			files = (
				54F2E13DCDBFD3D2B60DF16E /* Pods_BlindHelp.framework in Frameworks */,
			);
			runOnlyForDeploymentPostprocessing = 0;
		};
/* End PBXFrameworksBuildPhase section */

/* Begin PBXGroup section */
		1B8779088B50BA0635D5D82D /* Pods */ = {
			isa = PBXGroup;
			children = (
				BC72C21E8E95B069278BC10B /* Pods-BlindHelp.debug.xcconfig */,
				E207E1DFB4098D408E995806 /* Pods-BlindHelp.release.xcconfig */,
			);
			path = Pods;
			sourceTree = "<group>";
		};
		71044DAC2FB424D60059CBF6 /* BlindHelp */ = {
			isa = PBXGroup;
			children = (
				71044DEC2FB5AA2E0059CBF6 /* UserData */,
				71044DE62FB471550059CBF6 /* iTools */,
				71044DD02FB44E1A0059CBF6 /* Classes */,
				71044DB72FB429470059CBF6 /* BaseConst */,
				71044DB42FB4270A0059CBF6 /* BaseView */,
				71044DA32FB424D60059CBF6 /* AppDelegate.swift */,
				71044DA42FB424D60059CBF6 /* Assets.xcassets */,
				71044DA52FB424D60059CBF6 /* Info.plist */,
				71044DA72FB424D60059CBF6 /* LaunchScreen.storyboard */,
			);
			path = BlindHelp;
			sourceTree = "<group>";
		};
		71044DB42FB4270A0059CBF6 /* BaseView */ = {
			isa = PBXGroup;
			children = (
				71044DE42FB452F30059CBF6 /* BHBaseNavigationController.swift */,
				71044DB52FB4273E0059CBF6 /* BHBaseViewController.swift */,
				71044DCA2FB430DE0059CBF6 /* BHBaseNavigationBar.swift */,
				71044DCC2FB4312B0059CBF6 /* BHWindowsManager.swift */,
				71044DCE2FB44D7C0059CBF6 /* BHBaseTabBarController.swift */,
				71044DF02FB480010059CBF6 /* BHCustomBottomTabBarView.swift */,
			);
			path = BaseView;
			sourceTree = "<group>";
		};
		71044DB72FB429470059CBF6 /* BaseConst */ = {
			isa = PBXGroup;
			children = (
				71044DFC2FB56A0B0059CBF6 /* BHRegions */,
				71044DE82FB480BE0059CBF6 /* MDefinition+Font.swift */,
				71044DC82FB42FBD0059CBF6 /* MDefinition+Toast.swift */,
				71044DC62FB42F990059CBF6 /* MDefinition+Frame.swift */,
				71044DC42FB42F4E0059CBF6 /* MDefinition+Color.swift */,
				71044DC02FB42F140059CBF6 /* MDefinition+App.swift */,
				71044DBC2FB42B100059CBF6 /* MDefinition+Import.swift */,
				71044DBA2FB42A660059CBF6 /* MDefinition+Config.swift */,
				71044DB82FB42A030059CBF6 /* MDefinition+Json.swift */,
				71044DBE2FB42EFA0059CBF6 /* MDefinition+System.swift */,
			);
			path = BaseConst;
			sourceTree = "<group>";
		};
		71044DD02FB44E1A0059CBF6 /* Classes */ = {
			isa = PBXGroup;
			children = (
				71044DD52FB44ED90059CBF6 /* Home */,
				71044DD72FB44EF90059CBF6 /* Discover */,
				71044DD82FB44F0D0059CBF6 /* Photo */,
				71044DD92FB44F190059CBF6 /* Message */,
				71044DD62FB44EDF0059CBF6 /* Mine */,
			);
			path = Classes;
			sourceTree = "<group>";
		};
		71044DD52FB44ED90059CBF6 /* Home */ = {
			isa = PBXGroup;
			children = (
				71044DD32FB44E400059CBF6 /* BHHomePageViewController.swift */,
				71044DFD2FB5CC5A0059CBF6 /* BHHomeTravelFeedUI.swift */,
				73044AB52FB603100059CBF6 /* home_travel_feed.json */,
				71044E462FB5CD090059CBF6 /* figureResource */,
				71044E8D2FB5D6AA0059CBF6 /* movieResource */,
				71044E942FB5DB4C0059CBF6 /* BHHomeVideoShowViewController.swift */,
				71044E962FB5E0310059CBF6 /* BHDetailFigureViewController.swift */,
				73344EB12FB706000059CBF6 /* BHVideoFigureFollowStore.swift */,
				71144AB92FB813000059CBF6 /* BHFigureBlockShieldStore.swift */,
				71144ABB2FB813010059CBF6 /* BHFigureReportViewController.swift */,
				71044E982FB5F6410059CBF6 /* BHRecommendationLocationViewController.swift */,
				71044E9C2FB6CEBF0059CBF6 /* BHFigureMessageViewController.swift */,
			);
			path = Home;
			sourceTree = "<group>";
		};
		71044DD62FB44EDF0059CBF6 /* Mine */ = {
			isa = PBXGroup;
			children = (
				71044DEF2FB5AB7B0059CBF6 /* ViewController */,
				71044DF22FB56A010059CBF6 /* BHChinaRegionModels.swift */,
				72644AAB2FB5E0010059CBF6 /* BHLocalMineAlbumStore.swift */,
				72644AB12FB60100059CBF6 /* BHMineWorldDynamicStore.swift */,
			);
			path = Mine;
			sourceTree = "<group>";
		};
		71044DD72FB44EF90059CBF6 /* Discover */ = {
			isa = PBXGroup;
			children = (
				71244FF92FB814020059CBF6 /* BHMomentFeedCard.swift */,
				71044DDA2FB4513B0059CBF6 /* BHDiscoverViewController.swift */,
				71044DFB2FB5B47F0059CBF6 /* BHDiscoverPostPhotoViewController.swift */,
				71044E9A2FB6CA8C0059CBF6 /* BHHuatiViewController.swift */,
			);
			path = Discover;
			sourceTree = "<group>";
		};
		71044DD82FB44F0D0059CBF6 /* Photo */ = {
			isa = PBXGroup;
			children = (
				71044DDC2FB451460059CBF6 /* BHPhotoViewController.swift */,
			);
			path = Photo;
			sourceTree = "<group>";
		};
		71044DD92FB44F190059CBF6 /* Message */ = {
			isa = PBXGroup;
			children = (
				71C44ABC2FB913010059CBF6 /* BHFigureChatHistoryStore.swift */,
				71D44EDF2FB920000059CBF6 /* BHZhipuChatClient.swift */,
				71044DDE2FB451570059CBF6 /* BHMessageViewController.swift */,
			);
			path = Message;
			sourceTree = "<group>";
		};
		71044DE62FB471550059CBF6 /* iTools */ = {
			isa = PBXGroup;
			children = (
				71044DE72FB4715D0059CBF6 /* Buttom */,
			);
			path = iTools;
			sourceTree = "<group>";
		};
		71044DE72FB4715D0059CBF6 /* Buttom */ = {
			isa = PBXGroup;
			children = (
				71044DEA2FB4716E0059CBF6 /* UIButton+ActionBlock.swift */,
			);
			path = Buttom;
			sourceTree = "<group>";
		};
		71044DEC2FB5AA2E0059CBF6 /* UserData */ = {
			isa = PBXGroup;
			children = (
				71044DED2FB5AA3F0059CBF6 /* BHUserProfileManager.swift */,
			);
			path = UserData;
			sourceTree = "<group>";
		};
		71044DEF2FB5AB7B0059CBF6 /* ViewController */ = {
			isa = PBXGroup;
			children = (
				71044DE02FB451620059CBF6 /* BHMineViewController.swift */,
				71044DEA2FB55F090059CBF6 /* BHMineEditorInfoViewController.swift */,
				71044DF32FB56A020059CBF6 /* BHChinaRegionProvinceViewController.swift */,
				71044DF42FB56A030059CBF6 /* BHChinaRegionCityViewController.swift */,
				71044DF02FB5ABE20059CBF6 /* BHMineUserTermsViewController.swift */,
				71044DF22FB5AC050059CBF6 /* BHMinePrivateViewController.swift */,
				71044DF42FB5AE2A0059CBF6 /* BHContactCustomerViewController.swift */,
				71044DF62FB5B00A0059CBF6 /* BHMinePhotoViewController.swift */,
				71044DF82FB5B2B90059CBF6 /* BHMineWorldViewController.swift */,
			);
			path = ViewController;
			sourceTree = "<group>";
		};
		71044DFC2FB56A0B0059CBF6 /* BHRegions */ = {
			isa = PBXGroup;
			children = (
				71044DF52FB56A040059CBF6 /* pc-code.json */,
				71044DF62FB56A050059CBF6 /* pc-supplement.json */,
			);
			path = BHRegions;
			sourceTree = "<group>";
		};
		71044E072FB5CD090059CBF6 /* 1 */ = {
			isa = PBXGroup;
			children = (
				71044E032FB5CD090059CBF6 /* man_1_1.png */,
				71044E042FB5CD090059CBF6 /* man_1_2.png */,
				71044E052FB5CD090059CBF6 /* man_1_3.png */,
				71044E062FB5CD090059CBF6 /* man_1_4.png */,
			);
			path = 1;
			sourceTree = "<group>";
		};
		71044E102FB5CD090059CBF6 /* 2 */ = {
			isa = PBXGroup;
			children = (
				71044E0C2FB5CD090059CBF6 /* man_2_1.png */,
				71044E0D2FB5CD090059CBF6 /* man_2_2.png */,
				71044E0E2FB5CD090059CBF6 /* man_2_3.png */,
				71044E0F2FB5CD090059CBF6 /* man_2_4.png */,
			);
			path = 2;
			sourceTree = "<group>";
		};
		71044E1B2FB5CD090059CBF6 /* 3 */ = {
			isa = PBXGroup;
			children = (
				71044E162FB5CD090059CBF6 /* man_3_1.png */,
				71044E172FB5CD090059CBF6 /* man_3_2.png */,
				71044E182FB5CD090059CBF6 /* man_3_3.png */,
				71044E192FB5CD090059CBF6 /* man_3_4.png */,
				71044E1A2FB5CD090059CBF6 /* man_3_5.png */,
			);
			path = 3;
			sourceTree = "<group>";
		};
		71044E262FB5CD090059CBF6 /* 4 */ = {
			isa = PBXGroup;
			children = (
				71044E212FB5CD090059CBF6 /* man_4_1.png */,
				71044E222FB5CD090059CBF6 /* man_4_2.png */,
				71044E232FB5CD090059CBF6 /* man_4_3.png */,
				71044E242FB5CD090059CBF6 /* man_4_4.png */,
				71044E252FB5CD090059CBF6 /* man_4_5.png */,
			);
			path = 4;
			sourceTree = "<group>";
		};
		71044E2F2FB5CD090059CBF6 /* 5 */ = {
			isa = PBXGroup;
			children = (
				71044E2B2FB5CD090059CBF6 /* man_5_1.png */,
				71044E2C2FB5CD090059CBF6 /* man_5_2.png */,
				71044E2D2FB5CD090059CBF6 /* man_5_3.png */,
				71044E2E2FB5CD090059CBF6 /* man_5_4.png */,
			);
			path = 5;
			sourceTree = "<group>";
		};
		71044E3A2FB5CD090059CBF6 /* 6 */ = {
			isa = PBXGroup;
			children = (
				71044E352FB5CD090059CBF6 /* man_6_1.png */,
				71044E362FB5CD090059CBF6 /* man_6_2.png */,
				71044E372FB5CD090059CBF6 /* man_6_3.png */,
				71044E382FB5CD090059CBF6 /* man_6_4.png */,
				71044E392FB5CD090059CBF6 /* man_6_5.png */,
			);
			path = 6;
			sourceTree = "<group>";
		};
		71044E452FB5CD090059CBF6 /* 7 */ = {
			isa = PBXGroup;
			children = (
				71044E402FB5CD090059CBF6 /* man_7_1.png */,
				71044E412FB5CD090059CBF6 /* man_7_2.png */,
				71044E422FB5CD090059CBF6 /* man_7_3.png */,
				71044E432FB5CD090059CBF6 /* man_7_4.png */,
				71044E442FB5CD090059CBF6 /* man_7_5.png */,
			);
			path = 7;
			sourceTree = "<group>";
		};
		71044E462FB5CD090059CBF6 /* figureResource */ = {
			isa = PBXGroup;
			children = (
				73144AA02FB604000059CBF6 /* BHFigureResourceProfiles.swift */,
				71044E072FB5CD090059CBF6 /* 1 */,
				71044E102FB5CD090059CBF6 /* 2 */,
				71044E1B2FB5CD090059CBF6 /* 3 */,
				71044E262FB5CD090059CBF6 /* 4 */,
				71044E2F2FB5CD090059CBF6 /* 5 */,
				71044E3A2FB5CD090059CBF6 /* 6 */,
				71044E452FB5CD090059CBF6 /* 7 */,
			);
			path = figureResource;
			sourceTree = "<group>";
		};
		71044E8D2FB5D6AA0059CBF6 /* movieResource */ = {
			isa = PBXGroup;
			children = (
				73244BB02FB610000059CBF6 /* BHMovieResourceCatalog.swift */,
				71044E872FB5D6AA0059CBF6 /* man_video_1_1.mp4 */,
				71044E882FB5D6AA0059CBF6 /* man_video_2_1.mp4 */,
				71044E892FB5D6AA0059CBF6 /* man_video_3_1.mp4 */,
				71044E8A2FB5D6AA0059CBF6 /* man_video_4_1.mp4 */,
				71044E8B2FB5D6AA0059CBF6 /* man_video_5_1.mp4 */,
				71044E8C2FB5D6AA0059CBF6 /* man_video_6_1.mp4 */,
			);
			path = movieResource;
			sourceTree = "<group>";
		};
		714E88432FB31B3300491544 = {
			isa = PBXGroup;
			children = (
				71044DAC2FB424D60059CBF6 /* BlindHelp */,
				714E884D2FB31B3300491544 /* Products */,
				1B8779088B50BA0635D5D82D /* Pods */,
				ED5118F5482024EAC7AE0D8E /* Frameworks */,
			);
			sourceTree = "<group>";
		};
		714E884D2FB31B3300491544 /* Products */ = {
			isa = PBXGroup;
			children = (
				714E884C2FB31B3300491544 /* BlindHelp.app */,
			);
			name = Products;
			sourceTree = "<group>";
		};
		ED5118F5482024EAC7AE0D8E /* Frameworks */ = {
			isa = PBXGroup;
			children = (
				8C9FCE7CCFCB1529E287AF70 /* Pods_BlindHelp.framework */,
			);
			name = Frameworks;
			sourceTree = "<group>";
		};
/* End PBXGroup section */

/* Begin PBXNativeTarget section */
		714E884B2FB31B3300491544 /* BlindHelp */ = {
			isa = PBXNativeTarget;
			buildConfigurationList = 714E885F2FB31B3500491544 /* Build configuration list for PBXNativeTarget "BlindHelp" */;
			buildPhases = (
				140BAA6DFD2B9AF8C6FA59F4 /* [CP] Check Pods Manifest.lock */,
				714E88482FB31B3300491544 /* Sources */,
				714E88492FB31B3300491544 /* Frameworks */,
				714E884A2FB31B3300491544 /* Resources */,
				6CA79CB2B5A581DD30729EBD /* [CP] Embed Pods Frameworks */,
			);
			buildRules = (
			);
			dependencies = (
			);
			name = BlindHelp;
			productName = BlindHelp;
			productReference = 714E884C2FB31B3300491544 /* BlindHelp.app */;
			productType = "com.apple.product-type.application";
		};
/* End PBXNativeTarget section */

/* Begin PBXProject section */
		714E88442FB31B3300491544 /* Project object */ = {
			isa = PBXProject;
			attributes = {
				BuildIndependentTargetsInParallel = 1;
				CLASSPREFIX = BH;
				LastSwiftUpdateCheck = 2610;
				LastUpgradeCheck = 2610;
				TargetAttributes = {
					714E884B2FB31B3300491544 = {
						CreatedOnToolsVersion = 26.1.1;
					};
				};
			};
			buildConfigurationList = 714E88472FB31B3300491544 /* Build configuration list for PBXProject "BlindHelp" */;
			developmentRegion = en;
			hasScannedForEncodings = 0;
			knownRegions = (
				en,
				Base,
			);
			mainGroup = 714E88432FB31B3300491544;
			minimizedProjectReferenceProxies = 1;
			preferredProjectObjectVersion = 77;
			productRefGroup = 714E884D2FB31B3300491544 /* Products */;
			projectDirPath = "";
			projectRoot = "";
			targets = (
				714E884B2FB31B3300491544 /* BlindHelp */,
			);
		};
/* End PBXProject section */

/* Begin PBXResourcesBuildPhase section */
		714E884A2FB31B3300491544 /* Resources */ = {
			isa = PBXResourcesBuildPhase;
			buildActionMask = 2147483647;
			files = (
				71044E472FB5CD090059CBF6 /* man_7_5.png in Resources */,
				71044E482FB5CD090059CBF6 /* man_6_2.png in Resources */,
				71044E492FB5CD090059CBF6 /* man_3_2.png in Resources */,
				71044E4C2FB5CD090059CBF6 /* man_6_5.png in Resources */,
				71044E4F2FB5CD090059CBF6 /* man_1_3.png in Resources */,
				71044E512FB5CD090059CBF6 /* man_6_4.png in Resources */,
				71044E562FB5CD090059CBF6 /* man_1_4.png in Resources */,
				71044E5B2FB5CD090059CBF6 /* man_4_3.png in Resources */,
				71044E5E2FB5CD090059CBF6 /* man_4_2.png in Resources */,
				71044E612FB5CD090059CBF6 /* man_7_4.png in Resources */,
				71044E622FB5CD090059CBF6 /* man_1_2.png in Resources */,
				71044E632FB5CD090059CBF6 /* man_3_5.png in Resources */,
				71044E652FB5CD090059CBF6 /* man_5_3.png in Resources */,
				71044E672FB5CD090059CBF6 /* man_2_4.png in Resources */,
				71044E682FB5CD090059CBF6 /* man_7_2.png in Resources */,
				71044E6A2FB5CD090059CBF6 /* man_5_1.png in Resources */,
				71044E6C2FB5CD090059CBF6 /* man_7_3.png in Resources */,
				71044E6E2FB5CD090059CBF6 /* man_3_3.png in Resources */,
				71044E712FB5CD090059CBF6 /* man_7_1.png in Resources */,
				71044E722FB5CD090059CBF6 /* man_6_1.png in Resources */,
				71044E732FB5CD090059CBF6 /* man_5_4.png in Resources */,
				71044E762FB5CD090059CBF6 /* man_5_2.png in Resources */,
				71044E772FB5CD090059CBF6 /* man_2_2.png in Resources */,
				71044E782FB5CD090059CBF6 /* man_3_1.png in Resources */,
				71044E792FB5CD090059CBF6 /* man_4_1.png in Resources */,
				71044E7A2FB5CD090059CBF6 /* man_3_4.png in Resources */,
				71044E7B2FB5CD090059CBF6 /* man_1_1.png in Resources */,
				71044E8E2FB5D6AB0059CBF6 /* man_video_5_1.mp4 in Resources */,
				71044E8F2FB5D6AB0059CBF6 /* man_video_1_1.mp4 in Resources */,
				71044E902FB5D6AB0059CBF6 /* man_video_6_1.mp4 in Resources */,
				71044E912FB5D6AB0059CBF6 /* man_video_2_1.mp4 in Resources */,
				71044E922FB5D6AB0059CBF6 /* man_video_4_1.mp4 in Resources */,
				71044E932FB5D6AB0059CBF6 /* man_video_3_1.mp4 in Resources */,
				71044E7D2FB5CD090059CBF6 /* man_4_4.png in Resources */,
				71044E812FB5CD090059CBF6 /* man_6_3.png in Resources */,
				71044E832FB5CD090059CBF6 /* man_2_3.png in Resources */,
				71044E852FB5CD090059CBF6 /* man_4_5.png in Resources */,
				71044E862FB5CD090059CBF6 /* man_2_1.png in Resources */,
				71044DAD2FB424D60059CBF6 /* Assets.xcassets in Resources */,
				71044DAF2FB424D60059CBF6 /* LaunchScreen.storyboard in Resources */,
				71044DFA2FB56A090059CBF6 /* pc-code.json in Resources */,
				71044DFB2FB56A0A0059CBF6 /* pc-supplement.json in Resources */,
				73044AB42FB603100059CBF6 /* home_travel_feed.json in Resources */,
			);
			runOnlyForDeploymentPostprocessing = 0;
		};
/* End PBXResourcesBuildPhase section */

/* Begin PBXShellScriptBuildPhase section */
		140BAA6DFD2B9AF8C6FA59F4 /* [CP] Check Pods Manifest.lock */ = {
			isa = PBXShellScriptBuildPhase;
			buildActionMask = 2147483647;
			files = (
			);
			inputFileListPaths = (
			);
			inputPaths = (
				"${PODS_PODFILE_DIR_PATH}/Podfile.lock",
				"${PODS_ROOT}/Manifest.lock",
			);
			name = "[CP] Check Pods Manifest.lock";
			outputFileListPaths = (
			);
			outputPaths = (
				"$(DERIVED_FILE_DIR)/Pods-BlindHelp-checkManifestLockResult.txt",
			);
			runOnlyForDeploymentPostprocessing = 0;
			shellPath = /bin/sh;
			shellScript = "diff \"${PODS_PODFILE_DIR_PATH}/Podfile.lock\" \"${PODS_ROOT}/Manifest.lock\" > /dev/null\nif [ $? != 0 ] ; then\n    # print error to STDERR\n    echo \"error: The sandbox is not in sync with the Podfile.lock. Run 'pod install' or update your CocoaPods installation.\" >&2\n    exit 1\nfi\n# This output is used by Xcode 'outputs' to avoid re-running this script phase.\necho \"SUCCESS\" > \"${SCRIPT_OUTPUT_FILE_0}\"\n";
			showEnvVarsInLog = 0;
		};
		6CA79CB2B5A581DD30729EBD /* [CP] Embed Pods Frameworks */ = {
			isa = PBXShellScriptBuildPhase;
			buildActionMask = 2147483647;
			files = (
			);
			inputFileListPaths = (
				"${PODS_ROOT}/Target Support Files/Pods-BlindHelp/Pods-BlindHelp-frameworks-${CONFIGURATION}-input-files.xcfilelist",
			);
			inputPaths = (
			);
			name = "[CP] Embed Pods Frameworks";
			outputFileListPaths = (
				"${PODS_ROOT}/Target Support Files/Pods-BlindHelp/Pods-BlindHelp-frameworks-${CONFIGURATION}-output-files.xcfilelist",
			);
			outputPaths = (
			);
			runOnlyForDeploymentPostprocessing = 0;
			shellPath = /bin/sh;
			shellScript = "\"${PODS_ROOT}/Target Support Files/Pods-BlindHelp/Pods-BlindHelp-frameworks.sh\"\n";
			showEnvVarsInLog = 0;
		};
/* End PBXShellScriptBuildPhase section */

/* Begin PBXSourcesBuildPhase section */
		714E88482FB31B3300491544 /* Sources */ = {
			isa = PBXSourcesBuildPhase;
			buildActionMask = 2147483647;
			files = (
				71044DE92FB480C60059CBF6 /* MDefinition+Font.swift in Sources */,
				71044DF52FB5AE2A0059CBF6 /* BHContactCustomerViewController.swift in Sources */,
				71044DF92FB5B2B90059CBF6 /* BHMineWorldViewController.swift in Sources */,
				71044DD42FB44E400059CBF6 /* BHHomePageViewController.swift in Sources */,
				73144AA12FB604000059CBF6 /* BHFigureResourceProfiles.swift in Sources */,
				73244BB12FB610000059CBF6 /* BHMovieResourceCatalog.swift in Sources */,
				71044E992FB5F6410059CBF6 /* BHRecommendationLocationViewController.swift in Sources */,
				71044E9B2FB6CA8C0059CBF6 /* BHHuatiViewController.swift in Sources */,
				71244FFA2FB814030059CBF6 /* BHMomentFeedCard.swift in Sources */,
				71044DDB2FB4513B0059CBF6 /* BHDiscoverViewController.swift in Sources */,
				71044DB92FB42A140059CBF6 /* MDefinition+Json.swift in Sources */,
				71044DCD2FB4312B0059CBF6 /* BHWindowsManager.swift in Sources */,
				71044DC52FB42F560059CBF6 /* MDefinition+Color.swift in Sources */,
				71044DCB2FB430DE0059CBF6 /* BHBaseNavigationBar.swift in Sources */,
				71044DF72FB5B00A0059CBF6 /* BHMinePhotoViewController.swift in Sources */,
				72644AAC2FB5E0010059CBF6 /* BHLocalMineAlbumStore.swift in Sources */,
				72644AB02FB60100059CBF6 /* BHMineWorldDynamicStore.swift in Sources */,
				71044E952FB5DB4C0059CBF6 /* BHHomeVideoShowViewController.swift in Sources */,
				71044DBF2FB42EFA0059CBF6 /* MDefinition+System.swift in Sources */,
				71044DE52FB453000059CBF6 /* BHBaseNavigationController.swift in Sources */,
				71044DFE2FB5CC5A0059CBF6 /* BHHomeTravelFeedUI.swift in Sources */,
				71044DDF2FB4515F0059CBF6 /* BHMessageViewController.swift in Sources */,
				71D44EE02FB920010059CBF6 /* BHZhipuChatClient.swift in Sources */,
				71C44ABD2FB913020059CBF6 /* BHFigureChatHistoryStore.swift in Sources */,
				71044DC12FB42F170059CBF6 /* MDefinition+App.swift in Sources */,
				71044DC72FB42F9E0059CBF6 /* MDefinition+Frame.swift in Sources */,
				71044E9D2FB6CEBF0059CBF6 /* BHFigureMessageViewController.swift in Sources */,
				71044DEB2FB55F090059CBF6 /* BHMineEditorInfoViewController.swift in Sources */,
				71044DDD2FB451510059CBF6 /* BHPhotoViewController.swift in Sources */,
				71044DB62FB4273E0059CBF6 /* BHBaseViewController.swift in Sources */,
				71044DBB2FB42A690059CBF6 /* MDefinition+Config.swift in Sources */,
				71044DE12FB4516A0059CBF6 /* BHMineViewController.swift in Sources */,
				71044DBD2FB42B1B0059CBF6 /* MDefinition+Import.swift in Sources */,
				71044DB12FB424D60059CBF6 /* AppDelegate.swift in Sources */,
				71044DEC2FB4716E0059CBF6 /* UIButton+ActionBlock.swift in Sources */,
				71044DF12FB480010059CBF6 /* BHCustomBottomTabBarView.swift in Sources */,
				71044DF32FB5AC050059CBF6 /* BHMinePrivateViewController.swift in Sources */,
				71044E972FB5E0310059CBF6 /* BHDetailFigureViewController.swift in Sources */,
				73344EB22FB706000059CBF6 /* BHVideoFigureFollowStore.swift in Sources */,
				71144ABA2FB813000059CBF6 /* BHFigureBlockShieldStore.swift in Sources */,
				71144ABC2FB813010059CBF6 /* BHFigureReportViewController.swift in Sources */,
				71044DFC2FB5B47F0059CBF6 /* BHDiscoverPostPhotoViewController.swift in Sources */,
				71044DEE2FB5AA3F0059CBF6 /* BHUserProfileManager.swift in Sources */,
				71044DF12FB5ABE20059CBF6 /* BHMineUserTermsViewController.swift in Sources */,
				71044DCF2FB44D7C0059CBF6 /* BHBaseTabBarController.swift in Sources */,
				71044DC92FB42FC10059CBF6 /* MDefinition+Toast.swift in Sources */,
				71044DF72FB56A060059CBF6 /* BHChinaRegionModels.swift in Sources */,
				71044DF82FB56A070059CBF6 /* BHChinaRegionProvinceViewController.swift in Sources */,
				71044DF92FB56A080059CBF6 /* BHChinaRegionCityViewController.swift in Sources */,
			);
			runOnlyForDeploymentPostprocessing = 0;
		};
/* End PBXSourcesBuildPhase section */

/* Begin PBXVariantGroup section */
		71044DA72FB424D60059CBF6 /* LaunchScreen.storyboard */ = {
			isa = PBXVariantGroup;
			children = (
				71044DA62FB424D60059CBF6 /* Base */,
			);
			name = LaunchScreen.storyboard;
			sourceTree = "<group>";
		};
/* End PBXVariantGroup section */

/* Begin XCBuildConfiguration section */
		714E88602FB31B3500491544 /* Debug */ = {
			isa = XCBuildConfiguration;
			baseConfigurationReference = BC72C21E8E95B069278BC10B /* Pods-BlindHelp.debug.xcconfig */;
			buildSettings = {
				ASSETCATALOG_COMPILER_APPICON_NAME = AppIcon;
				ASSETCATALOG_COMPILER_GLOBAL_ACCENT_COLOR_NAME = AccentColor;
				CODE_SIGN_STYLE = Automatic;
				CURRENT_PROJECT_VERSION = 1;
				GENERATE_INFOPLIST_FILE = YES;
				INFOPLIST_FILE = BlindHelp/Info.plist;
				INFOPLIST_KEY_CFBundleDisplayName = "觅兔游";
				INFOPLIST_KEY_UIApplicationSupportsIndirectInputEvents = YES;
				INFOPLIST_KEY_UILaunchStoryboardName = LaunchScreen;
				INFOPLIST_KEY_UIMainStoryboardFile = "";
				INFOPLIST_KEY_UISupportedInterfaceOrientations = UIInterfaceOrientationPortrait;
				INFOPLIST_KEY_UISupportedInterfaceOrientations_iPad = "UIInterfaceOrientationLandscapeLeft UIInterfaceOrientationLandscapeRight UIInterfaceOrientationPortrait UIInterfaceOrientationPortraitUpsideDown";
				IPHONEOS_DEPLOYMENT_TARGET = 15.0;
				LD_RUNPATH_SEARCH_PATHS = (
					"$(inherited)",
					"@executable_path/Frameworks",
				);
				MARKETING_VERSION = 1.0;
				PRODUCT_BUNDLE_IDENTIFIER = com.BlindHelp.Blind.BlindHelp;
				PRODUCT_NAME = "$(TARGET_NAME)";
				STRING_CATALOG_GENERATE_SYMBOLS = YES;
				SUPPORTED_PLATFORMS = "iphoneos iphonesimulator";
				SUPPORTS_MACCATALYST = NO;
				SUPPORTS_MAC_DESIGNED_FOR_IPHONE_IPAD = NO;
				SUPPORTS_XR_DESIGNED_FOR_IPHONE_IPAD = NO;
				SWIFT_APPROACHABLE_CONCURRENCY = YES;
				SWIFT_DEFAULT_ACTOR_ISOLATION = MainActor;
				SWIFT_EMIT_LOC_STRINGS = YES;
				SWIFT_UPCOMING_FEATURE_MEMBER_IMPORT_VISIBILITY = YES;
				SWIFT_VERSION = 5.0;
				TARGETED_DEVICE_FAMILY = 1;
			};
			name = Debug;
		};
		714E88612FB31B3500491544 /* Release */ = {
			isa = XCBuildConfiguration;
			baseConfigurationReference = E207E1DFB4098D408E995806 /* Pods-BlindHelp.release.xcconfig */;
			buildSettings = {
				ASSETCATALOG_COMPILER_APPICON_NAME = AppIcon;
				ASSETCATALOG_COMPILER_GLOBAL_ACCENT_COLOR_NAME = AccentColor;
				CODE_SIGN_STYLE = Automatic;
				CURRENT_PROJECT_VERSION = 1;
				GENERATE_INFOPLIST_FILE = YES;
				INFOPLIST_FILE = BlindHelp/Info.plist;
				INFOPLIST_KEY_CFBundleDisplayName = "觅兔游";
				INFOPLIST_KEY_UIApplicationSupportsIndirectInputEvents = YES;
				INFOPLIST_KEY_UILaunchStoryboardName = LaunchScreen;
				INFOPLIST_KEY_UIMainStoryboardFile = "";
				INFOPLIST_KEY_UISupportedInterfaceOrientations = UIInterfaceOrientationPortrait;
				INFOPLIST_KEY_UISupportedInterfaceOrientations_iPad = "UIInterfaceOrientationLandscapeLeft UIInterfaceOrientationLandscapeRight UIInterfaceOrientationPortrait UIInterfaceOrientationPortraitUpsideDown";
				IPHONEOS_DEPLOYMENT_TARGET = 15.0;
				LD_RUNPATH_SEARCH_PATHS = (
					"$(inherited)",
					"@executable_path/Frameworks",
				);
				MARKETING_VERSION = 1.0;
				PRODUCT_BUNDLE_IDENTIFIER = com.BlindHelp.Blind.BlindHelp;
				PRODUCT_NAME = "$(TARGET_NAME)";
				STRING_CATALOG_GENERATE_SYMBOLS = YES;
				SUPPORTED_PLATFORMS = "iphoneos iphonesimulator";
				SUPPORTS_MACCATALYST = NO;
				SUPPORTS_MAC_DESIGNED_FOR_IPHONE_IPAD = NO;
				SUPPORTS_XR_DESIGNED_FOR_IPHONE_IPAD = NO;
				SWIFT_APPROACHABLE_CONCURRENCY = YES;
				SWIFT_DEFAULT_ACTOR_ISOLATION = MainActor;
				SWIFT_EMIT_LOC_STRINGS = YES;
				SWIFT_UPCOMING_FEATURE_MEMBER_IMPORT_VISIBILITY = YES;
				SWIFT_VERSION = 5.0;
				TARGETED_DEVICE_FAMILY = 1;
			};
			name = Release;
		};
		714E88622FB31B3500491544 /* Debug */ = {
			isa = XCBuildConfiguration;
			buildSettings = {
				ALWAYS_SEARCH_USER_PATHS = NO;
				ASSETCATALOG_COMPILER_GENERATE_SWIFT_ASSET_SYMBOL_EXTENSIONS = YES;
				CLANG_ANALYZER_NONNULL = YES;
				CLANG_ANALYZER_NUMBER_OBJECT_CONVERSION = YES_AGGRESSIVE;
				CLANG_CXX_LANGUAGE_STANDARD = "gnu++20";
				CLANG_ENABLE_MODULES = YES;
				CLANG_ENABLE_OBJC_ARC = YES;
				CLANG_ENABLE_OBJC_WEAK = YES;
				CLANG_WARN_BLOCK_CAPTURE_AUTORELEASING = YES;
				CLANG_WARN_BOOL_CONVERSION = YES;
				CLANG_WARN_COMMA = YES;
				CLANG_WARN_CONSTANT_CONVERSION = YES;
				CLANG_WARN_DEPRECATED_OBJC_IMPLEMENTATIONS = YES;
				CLANG_WARN_DIRECT_OBJC_ISA_USAGE = YES_ERROR;
				CLANG_WARN_DOCUMENTATION_COMMENTS = YES;
				CLANG_WARN_EMPTY_BODY = YES;
				CLANG_WARN_ENUM_CONVERSION = YES;
				CLANG_WARN_INFINITE_RECURSION = YES;
				CLANG_WARN_INT_CONVERSION = YES;
				CLANG_WARN_NON_LITERAL_NULL_CONVERSION = YES;
				CLANG_WARN_OBJC_IMPLICIT_RETAIN_SELF = YES;
				CLANG_WARN_OBJC_LITERAL_CONVERSION = YES;
				CLANG_WARN_OBJC_ROOT_CLASS = YES_ERROR;
				CLANG_WARN_QUOTED_INCLUDE_IN_FRAMEWORK_HEADER = YES;
				CLANG_WARN_RANGE_LOOP_ANALYSIS = YES;
				CLANG_WARN_STRICT_PROTOTYPES = YES;
				CLANG_WARN_SUSPICIOUS_MOVE = YES;
				CLANG_WARN_UNGUARDED_AVAILABILITY = YES_AGGRESSIVE;
				CLANG_WARN_UNREACHABLE_CODE = YES;
				CLANG_WARN__DUPLICATE_METHOD_MATCH = YES;
				COPY_PHASE_STRIP = NO;
				DEBUG_INFORMATION_FORMAT = dwarf;
				ENABLE_STRICT_OBJC_MSGSEND = YES;
				ENABLE_TESTABILITY = YES;
				ENABLE_USER_SCRIPT_SANDBOXING = YES;
				GCC_C_LANGUAGE_STANDARD = gnu17;
				GCC_DYNAMIC_NO_PIC = NO;
				GCC_NO_COMMON_BLOCKS = YES;
				GCC_OPTIMIZATION_LEVEL = 0;
				GCC_PREPROCESSOR_DEFINITIONS = (
					"DEBUG=1",
					"$(inherited)",
				);
				GCC_WARN_64_TO_32_BIT_CONVERSION = YES;
				GCC_WARN_ABOUT_RETURN_TYPE = YES_ERROR;
				GCC_WARN_UNDECLARED_SELECTOR = YES;
				GCC_WARN_UNINITIALIZED_AUTOS = YES_AGGRESSIVE;
				GCC_WARN_UNUSED_FUNCTION = YES;
				GCC_WARN_UNUSED_VARIABLE = YES;
				IPHONEOS_DEPLOYMENT_TARGET = 26.1;
				LOCALIZATION_PREFERS_STRING_CATALOGS = YES;
				MTL_ENABLE_DEBUG_INFO = INCLUDE_SOURCE;
				MTL_FAST_MATH = YES;
				ONLY_ACTIVE_ARCH = YES;
				SDKROOT = iphoneos;
				SWIFT_ACTIVE_COMPILATION_CONDITIONS = "DEBUG $(inherited)";
				SWIFT_OPTIMIZATION_LEVEL = "-Onone";
			};
			name = Debug;
		};
		714E88632FB31B3500491544 /* Release */ = {
			isa = XCBuildConfiguration;
			buildSettings = {
				ALWAYS_SEARCH_USER_PATHS = NO;
				ASSETCATALOG_COMPILER_GENERATE_SWIFT_ASSET_SYMBOL_EXTENSIONS = YES;
				CLANG_ANALYZER_NONNULL = YES;
				CLANG_ANALYZER_NUMBER_OBJECT_CONVERSION = YES_AGGRESSIVE;
				CLANG_CXX_LANGUAGE_STANDARD = "gnu++20";
				CLANG_ENABLE_MODULES = YES;
				CLANG_ENABLE_OBJC_ARC = YES;
				CLANG_ENABLE_OBJC_WEAK = YES;
				CLANG_WARN_BLOCK_CAPTURE_AUTORELEASING = YES;
				CLANG_WARN_BOOL_CONVERSION = YES;
				CLANG_WARN_COMMA = YES;
				CLANG_WARN_CONSTANT_CONVERSION = YES;
				CLANG_WARN_DEPRECATED_OBJC_IMPLEMENTATIONS = YES;
				CLANG_WARN_DIRECT_OBJC_ISA_USAGE = YES_ERROR;
				CLANG_WARN_DOCUMENTATION_COMMENTS = YES;
				CLANG_WARN_EMPTY_BODY = YES;
				CLANG_WARN_ENUM_CONVERSION = YES;
				CLANG_WARN_INFINITE_RECURSION = YES;
				CLANG_WARN_INT_CONVERSION = YES;
				CLANG_WARN_NON_LITERAL_NULL_CONVERSION = YES;
				CLANG_WARN_OBJC_IMPLICIT_RETAIN_SELF = YES;
				CLANG_WARN_OBJC_LITERAL_CONVERSION = YES;
				CLANG_WARN_OBJC_ROOT_CLASS = YES_ERROR;
				CLANG_WARN_QUOTED_INCLUDE_IN_FRAMEWORK_HEADER = YES;
				CLANG_WARN_RANGE_LOOP_ANALYSIS = YES;
				CLANG_WARN_STRICT_PROTOTYPES = YES;
				CLANG_WARN_SUSPICIOUS_MOVE = YES;
				CLANG_WARN_UNGUARDED_AVAILABILITY = YES_AGGRESSIVE;
				CLANG_WARN_UNREACHABLE_CODE = YES;
				CLANG_WARN__DUPLICATE_METHOD_MATCH = YES;
				COPY_PHASE_STRIP = NO;
				DEBUG_INFORMATION_FORMAT = "dwarf-with-dsym";
				ENABLE_NS_ASSERTIONS = NO;
				ENABLE_STRICT_OBJC_MSGSEND = YES;
				ENABLE_USER_SCRIPT_SANDBOXING = YES;
				GCC_C_LANGUAGE_STANDARD = gnu17;
				GCC_NO_COMMON_BLOCKS = YES;
				GCC_WARN_64_TO_32_BIT_CONVERSION = YES;
				GCC_WARN_ABOUT_RETURN_TYPE = YES_ERROR;
				GCC_WARN_UNDECLARED_SELECTOR = YES;
				GCC_WARN_UNINITIALIZED_AUTOS = YES_AGGRESSIVE;
				GCC_WARN_UNUSED_FUNCTION = YES;
				GCC_WARN_UNUSED_VARIABLE = YES;
				IPHONEOS_DEPLOYMENT_TARGET = 26.1;
				LOCALIZATION_PREFERS_STRING_CATALOGS = YES;
				MTL_ENABLE_DEBUG_INFO = NO;
				MTL_FAST_MATH = YES;
				SDKROOT = iphoneos;
				SWIFT_COMPILATION_MODE = wholemodule;
				VALIDATE_PRODUCT = YES;
			};
			name = Release;
		};
/* End XCBuildConfiguration section */

/* Begin XCConfigurationList section */
		714E88472FB31B3300491544 /* Build configuration list for PBXProject "BlindHelp" */ = {
			isa = XCConfigurationList;
			buildConfigurations = (
				714E88622FB31B3500491544 /* Debug */,
				714E88632FB31B3500491544 /* Release */,
			);
			defaultConfigurationIsVisible = 0;
			defaultConfigurationName = Release;
		};
		714E885F2FB31B3500491544 /* Build configuration list for PBXNativeTarget "BlindHelp" */ = {
			isa = XCConfigurationList;
			buildConfigurations = (
				714E88602FB31B3500491544 /* Debug */,
				714E88612FB31B3500491544 /* Release */,
			);
			defaultConfigurationIsVisible = 0;
			defaultConfigurationName = Release;
		};
/* End XCConfigurationList section */
	};
	rootObject = 714E88442FB31B3300491544 /* Project object */;
}
